
Microsoft Visual Studio Solution File, Format Version 12.00
# Visual Studio Version 17
VisualStudioVersion = 17.9.34607.119
MinimumVisualStudioVersion = 10.0.40219.1
Project("{FAE04EC0-301F-11D3-BF4B-00C04F79EFBC}") = "WebStoreMVC", "WebStoreMVC\WebStoreMVC.csproj", "{0EDF3E28-BABD-4175-B0F2-089335D6AE15}"
EndProject
Global
	GlobalSection(SolutionConfigurationPlatforms) = preSolution
		Debug|Any CPU = Debug|Any CPU
		Release|Any CPU = Release|Any CPU
	EndGlobalSection
	GlobalSection(ProjectConfigurationPlatforms) = postSolution
		{0EDF3E28-BABD-4175-B0F2-089335D6AE15}.Debug|Any CPU.ActiveCfg = Debug|Any CPU
		{0EDF3E28-BABD-4175-B0F2-089335D6AE15}.Debug|Any CPU.Build.0 = Debug|Any CPU
		{0EDF3E28-BABD-4175-B0F2-089335D6AE15}.Release|Any CPU.ActiveCfg = Release|Any CPU
		{0EDF3E28-BABD-4175-B0F2-089335D6AE15}.Release|Any CPU.Build.0 = Release|Any CPU
	EndGlobalSection
	GlobalSection(SolutionProperties) = preSolution
		HideSolutionNode = FALSE
	EndGlobalSection
	GlobalSection(ExtensibilityGlobals) = postSolution
		SolutionGuid = {D39FE029-0D4C-4D78-910A-C529797BA2A4}
	EndGlobalSection
EndGlobal
